// !$*UTF8*$!
{
	archiveVersion = 1;
	classes = {
	};
	objectVersion = 46;
	objects = {

/* Begin PBXBuildFile section */
		C31C06EF1D4C42B300A8A46D /* AppDelegate.swift in Sources */ = {isa = PBXBuildFile; fileRef = C31C06EE1D4C42B300A8A46D /* AppDelegate.swift */; };
		C31C06F11D4C42B300A8A46D /* ViewController.swift in Sources */ = {isa = PBXBuildFile; fileRef = C31C06F01D4C42B300A8A46D /* ViewController.swift */; };
		C31C06F41D4C42B300A8A46D /* Main.storyboard in Resources */ = {isa = PBXBuildFile; fileRef = C31C06F21D4C42B300A8A46D /* Main.storyboard */; };
		C31C06F61D4C42B300A8A46D /* Assets.xcassets in Resources */ = {isa = PBXBuildFile; fileRef = C31C06F51D4C42B300A8A46D /* Assets.xcassets */; };
		C31C06F91D4C42B300A8A46D /* LaunchScreen.storyboard in Resources */ = {isa = PBXBuildFile; fileRef = C31C06F71D4C42B300A8A46D /* LaunchScreen.storyboard */; };
		C31C07041D4C42B300A8A46D /* CloudySampleProjectTests.swift in Sources */ = {isa = PBXBuildFile; fileRef = C31C07031D4C42B300A8A46D /* CloudySampleProjectTests.swift */; };
		C31C07101D4C42F700A8A46D /* CloudyView.swift in Sources */ = {isa = PBXBuildFile; fileRef = C31C070F1D4C42F700A8A46D /* CloudyView.swift */; };
/* End PBXBuildFile section */

/* Begin PBXContainerItemProxy section */
		C31C07001D4C42B300A8A46D /* PBXContainerItemProxy */ = {
			isa = PBXContainerItemProxy;
			containerPortal = C31C06E31D4C42B300A8A46D /* Project object */;
			proxyType = 1;
			remoteGlobalIDString = C31C06EA1D4C42B300A8A46D;
			remoteInfo = CloudySampleProject;
		};
/* End PBXContainerItemProxy section */

/* Begin PBXFileReference section */
		C31C06EB1D4C42B300A8A46D /* CloudySampleProject.app */ = {isa = PBXFileReference; explicitFileType = wrapper.application; includeInIndex = 0; path = CloudySampleProject.app; sourceTree = BUILT_PRODUCTS_DIR; };
		C31C06EE1D4C42B300A8A46D /* AppDelegate.swift */ = {isa = PBXFileReference; lastKnownFileType = sourcecode.swift; path = AppDelegate.swift; sourceTree = "<group>"; };
		C31C06F01D4C42B300A8A46D /* ViewController.swift */ = {isa = PBXFileReference; lastKnownFileType = sourcecode.swift; path = ViewController.swift; sourceTree = "<group>"; };
		C31C06F31D4C42B300A8A46D /* Base */ = {isa = PBXFileReference; lastKnownFileType = file.storyboard; name = Base; path = Base.lproj/Main.storyboard; sourceTree = "<group>"; };
		C31C06F51D4C42B300A8A46D /* Assets.xcassets */ = {isa = PBXFileReference; lastKnownFileType = folder.assetcatalog; path = Assets.xcassets; sourceTree = "<group>"; };
		C31C06F81D4C42B300A8A46D /* Base */ = {isa = PBXFileReference; lastKnownFileType = file.storyboard; name = Base; path = Base.lproj/LaunchScreen.storyboard; sourceTree = "<group>"; };
		C31C06FA1D4C42B300A8A46D /* Info.plist */ = {isa = PBXFileReference; lastKnownFileType = text.plist.xml; path = Info.plist; sourceTree = "<group>"; };
		C31C06FF1D4C42B300A8A46D /* CloudySampleProjectTests.xctest */ = {isa = PBXFileReference; explicitFileType = wrapper.cfbundle; includeInIndex = 0; path = CloudySampleProjectTests.xctest; sourceTree = BUILT_PRODUCTS_DIR; };
		C31C07031D4C42B300A8A46D /* CloudySampleProjectTests.swift */ = {isa = PBXFileReference; lastKnownFileType = sourcecode.swift; path = CloudySampleProjectTests.swift; sourceTree = "<group>"; };
		C31C07051D4C42B300A8A46D /* Info.plist */ = {isa = PBXFileReference; lastKnownFileType = text.plist.xml; path = Info.plist; sourceTree = "<group>"; };
		C31C070F1D4C42F700A8A46D /* CloudyView.swift */ = {isa = PBXFileReference; fileEncoding = 4; lastKnownFileType = sourcecode.swift; name = CloudyView.swift; path = ../Cloudy/CloudyView.swift; sourceTree = "<group>"; };
/* End PBXFileReference section */

/* Begin PBXFrameworksBuildPhase section */
		C31C06E81D4C42B300A8A46D /* Frameworks */ = {
			isa = PBXFrameworksBuildPhase;
			buildActionMask = 2147483647;
			files = (
			);
			runOnlyForDeploymentPostprocessing = 0;
		};
		C31C06FC1D4C42B300A8A46D /* Frameworks */ = {
			isa = PBXFrameworksBuildPhase;
			buildActionMask = 2147483647;
			files = (
			);
			runOnlyForDeploymentPostprocessing = 0;
		};
/* End PBXFrameworksBuildPhase section */

/* Begin PBXGroup section */
		C31C06E21D4C42B300A8A46D = {
			isa = PBXGroup;
			children = (
				C31C070E1D4C42D300A8A46D /* Cloudy */,
				C31C06ED1D4C42B300A8A46D /* CloudySampleProject */,
				C31C07021D4C42B300A8A46D /* CloudySampleProjectTests */,
				C31C06EC1D4C42B300A8A46D /* Products */,
			);
			sourceTree = "<group>";
		};
		C31C06EC1D4C42B300A8A46D /* Products */ = {
			isa = PBXGroup;
			children = (
				C31C06EB1D4C42B300A8A46D /* CloudySampleProject.app */,
				C31C06FF1D4C42B300A8A46D /* CloudySampleProjectTests.xctest */,
			);
			name = Products;
			sourceTree = "<group>";
		};
		C31C06ED1D4C42B300A8A46D /* CloudySampleProject */ = {
			isa = PBXGroup;
			children = (
				C31C06EE1D4C42B300A8A46D /* AppDelegate.swift */,
				C31C06F01D4C42B300A8A46D /* ViewController.swift */,
				C31C06F21D4C42B300A8A46D /* Main.storyboard */,
				C31C06F51D4C42B300A8A46D /* Assets.xcassets */,
				C31C06F71D4C42B300A8A46D /* LaunchScreen.storyboard */,
				C31C06FA1D4C42B300A8A46D /* Info.plist */,
			);
			path = CloudySampleProject;
			sourceTree = "<group>";
		};
		C31C07021D4C42B300A8A46D /* CloudySampleProjectTests */ = {
			isa = PBXGroup;
			children = (
				C31C07031D4C42B300A8A46D /* CloudySampleProjectTests.swift */,
				C31C07051D4C42B300A8A46D /* Info.plist */,
			);
			path = CloudySampleProjectTests;
			sourceTree = "<group>";
		};
		C31C070E1D4C42D300A8A46D /* Cloudy */ = {
			isa = PBXGroup;
			children = (
				C31C070F1D4C42F700A8A46D /* CloudyView.swift */,
			);
			name = Cloudy;
			sourceTree = "<group>";
		};
/* End PBXGroup section */

/* Begin PBXNativeTarget section */
		C31C06EA1D4C42B300A8A46D /* CloudySampleProject */ = {
			isa = PBXNativeTarget;
			buildConfigurationList = C31C07081D4C42B300A8A46D /* Build configuration list for PBXNativeTarget "CloudySampleProject" */;
			buildPhases = (
				C31C06E71D4C42B300A8A46D /* Sources */,
				C31C06E81D4C42B300A8A46D /* Frameworks */,
				C31C06E91D4C42B300A8A46D /* Resources */,
			);
			buildRules = (
			);
			dependencies = (
			);
			name = CloudySampleProject;
			productName = CloudySampleProject;
			productReference = C31C06EB1D4C42B300A8A46D /* CloudySampleProject.app */;
			productType = "com.apple.product-type.application";
		};
		C31C06FE1D4C42B300A8A46D /* CloudySampleProjectTests */ = {
			isa = PBXNativeTarget;
			buildConfigurationList = C31C070B1D4C42B300A8A46D /* Build configuration list for PBXNativeTarget "CloudySampleProjectTests" */;
			buildPhases = (
				C31C06FB1D4C42B300A8A46D /* Sources */,
				C31C06FC1D4C42B300A8A46D /* Frameworks */,
				C31C06FD1D4C42B300A8A46D /* Resources */,
			);
			buildRules = (
			);
			dependencies = (
				C31C07011D4C42B300A8A46D /* PBXTargetDependency */,
			);
			name = CloudySampleProjectTests;
			productName = CloudySampleProjectTests;
			productReference = C31C06FF1D4C42B300A8A46D /* CloudySampleProjectTests.xctest */;
			productType = "com.apple.product-type.bundle.unit-test";
		};
/* End PBXNativeTarget section */

/* Begin PBXProject section */
		C31C06E31D4C42B300A8A46D /* Project object */ = {
			isa = PBXProject;
			attributes = {
				LastSwiftUpdateCheck = 0730;
				LastUpgradeCheck = 0730;
				ORGANIZATIONNAME = "Boris Emorine";
				TargetAttributes = {
					C31C06EA1D4C42B300A8A46D = {
						CreatedOnToolsVersion = 7.3;
					};
					C31C06FE1D4C42B300A8A46D = {
						CreatedOnToolsVersion = 7.3;
						TestTargetID = C31C06EA1D4C42B300A8A46D;
					};
				};
			};
			buildConfigurationList = C31C06E61D4C42B300A8A46D /* Build configuration list for PBXProject "CloudySampleProject" */;
			compatibilityVersion = "Xcode 3.2";
			developmentRegion = English;
			hasScannedForEncodings = 0;
			knownRegions = (
				en,
				Base,
			);
			mainGroup = C31C06E21D4C42B300A8A46D;
			productRefGroup = C31C06EC1D4C42B300A8A46D /* Products */;
			projectDirPath = "";
			projectRoot = "";
			targets = (
				C31C06EA1D4C42B300A8A46D /* CloudySampleProject */,
				C31C06FE1D4C42B300A8A46D /* CloudySampleProjectTests */,
			);
		};
/* End PBXProject section */

/* Begin PBXResourcesBuildPhase section */
		C31C06E91D4C42B300A8A46D /* Resources */ = {
			isa = PBXResourcesBuildPhase;
			buildActionMask = 2147483647;
			files = (
				C31C06F91D4C42B300A8A46D /* LaunchScreen.storyboard in Resources */,
				C31C06F61D4C42B300A8A46D /* Assets.xcassets in Resources */,
				C31C06F41D4C42B300A8A46D /* Main.storyboard in Resources */,
			);
			runOnlyForDeploymentPostprocessing = 0;
		};
		C31C06FD1D4C42B300A8A46D /* Resources */ = {
			isa = PBXResourcesBuildPhase;
			buildActionMask = 2147483647;
			files = (
			);
			runOnlyForDeploymentPostprocessing = 0;
		};
/* End PBXResourcesBuildPhase section */

/* Begin PBXSourcesBuildPhase section */
		C31C06E71D4C42B300A8A46D /* Sources */ = {
			isa = PBXSourcesBuildPhase;
			buildActionMask = 2147483647;
			files = (
				C31C06F11D4C42B300A8A46D /* ViewController.swift in Sources */,
				C31C07101D4C42F700A8A46D /* CloudyView.swift in Sources */,
				C31C06EF1D4C42B300A8A46D /* AppDelegate.swift in Sources */,
			);
			runOnlyForDeploymentPostprocessing = 0;
		};
		C31C06FB1D4C42B300A8A46D /* Sources */ = {
			isa = PBXSourcesBuildPhase;
			buildActionMask = 2147483647;
			files = (
				C31C07041D4C42B300A8A46D /* CloudySampleProjectTests.swift in Sources */,
			);
			runOnlyForDeploymentPostprocessing = 0;
		};
/* End PBXSourcesBuildPhase section */

/* Begin PBXTargetDependency section */
		C31C07011D4C42B300A8A46D /* PBXTargetDependency */ = {
			isa = PBXTargetDependency;
			target = C31C06EA1D4C42B300A8A46D /* CloudySampleProject */;
			targetProxy = C31C07001D4C42B300A8A46D /* PBXContainerItemProxy */;
		};
/* End PBXTargetDependency section */

/* Begin PBXVariantGroup section */
		C31C06F21D4C42B300A8A46D /* Main.storyboard */ = {
			isa = PBXVariantGroup;
			children = (
				C31C06F31D4C42B300A8A46D /* Base */,
			);
			name = Main.storyboard;
			sourceTree = "<group>";
		};
		C31C06F71D4C42B300A8A46D /* LaunchScreen.storyboard */ = {
			isa = PBXVariantGroup;
			children = (
				C31C06F81D4C42B300A8A46D /* Base */,
			);
			name = LaunchScreen.storyboard;
			sourceTree = "<group>";
		};
/* End PBXVariantGroup section */

/* Begin XCBuildConfiguration section */
		C31C07061D4C42B300A8A46D /* Debug */ = {
			isa = XCBuildConfiguration;
			buildSettings = {
				ALWAYS_SEARCH_USER_PATHS = NO;
				CLANG_ANALYZER_NONNULL = YES;
				CLANG_CXX_LANGUAGE_STANDARD = "gnu++0x";
				CLANG_CXX_LIBRARY = "libc++";
				CLANG_ENABLE_MODULES = YES;
				CLANG_ENABLE_OBJC_ARC = YES;
				CLANG_WARN_BOOL_CONVERSION = YES;
				CLANG_WARN_CONSTANT_CONVERSION = YES;
				CLANG_WARN_DIRECT_OBJC_ISA_USAGE = YES_ERROR;
				CLANG_WARN_EMPTY_BODY = YES;
				CLANG_WARN_ENUM_CONVERSION = YES;
				CLANG_WARN_INT_CONVERSION = YES;
				CLANG_WARN_OBJC_ROOT_CLASS = YES_ERROR;
				CLANG_WARN_UNREACHABLE_CODE = YES;
				CLANG_WARN__DUPLICATE_METHOD_MATCH = YES;
				"CODE_SIGN_IDENTITY[sdk=iphoneos*]" = "iPhone Developer";
				COPY_PHASE_STRIP = NO;
				DEBUG_INFORMATION_FORMAT = dwarf;
				ENABLE_STRICT_OBJC_MSGSEND = YES;
				ENABLE_TESTABILITY = YES;
				GCC_C_LANGUAGE_STANDARD = gnu99;
				GCC_DYNAMIC_NO_PIC = NO;
				GCC_NO_COMMON_BLOCKS = YES;
				GCC_OPTIMIZATION_LEVEL = 0;
				GCC_PREPROCESSOR_DEFINITIONS = (
					"DEBUG=1",
					"$(inherited)",
				);
				GCC_WARN_64_TO_32_BIT_CONVERSION = YES;
				GCC_WARN_ABOUT_RETURN_TYPE = YES_ERROR;
				GCC_WARN_UNDECLARED_SELECTOR = YES;
				GCC_WARN_UNINITIALIZED_AUTOS = YES_AGGRESSIVE;
				GCC_WARN_UNUSED_FUNCTION = YES;
				GCC_WARN_UNUSED_VARIABLE = YES;
				IPHONEOS_DEPLOYMENT_TARGET = 9.3;
				MTL_ENABLE_DEBUG_INFO = YES;
				ONLY_ACTIVE_ARCH = YES;
				SDKROOT = iphoneos;
				SWIFT_OPTIMIZATION_LEVEL = "-Onone";
			};
			name = Debug;
		};
		C31C07071D4C42B300A8A46D /* Release */ = {
			isa = XCBuildConfiguration;
			buildSettings = {
				ALWAYS_SEARCH_USER_PATHS = NO;
				CLANG_ANALYZER_NONNULL = YES;
				CLANG_CXX_LANGUAGE_STANDARD = "gnu++0x";
				CLANG_CXX_LIBRARY = "libc++";
				CLANG_ENABLE_MODULES = YES;
				CLANG_ENABLE_OBJC_ARC = YES;
				CLANG_WARN_BOOL_CONVERSION = YES;
				CLANG_WARN_CONSTANT_CONVERSION = YES;
				CLANG_WARN_DIRECT_OBJC_ISA_USAGE = YES_ERROR;
				CLANG_WARN_EMPTY_BODY = YES;
				CLANG_WARN_ENUM_CONVERSION = YES;
				CLANG_WARN_INT_CONVERSION = YES;
				CLANG_WARN_OBJC_ROOT_CLASS = YES_ERROR;
				CLANG_WARN_UNREACHABLE_CODE = YES;
				CLANG_WARN__DUPLICATE_METHOD_MATCH = YES;
				"CODE_SIGN_IDENTITY[sdk=iphoneos*]" = "iPhone Developer";
				COPY_PHASE_STRIP = NO;
				DEBUG_INFORMATION_FORMAT = "dwarf-with-dsym";
				ENABLE_NS_ASSERTIONS = NO;
				ENABLE_STRICT_OBJC_MSGSEND = YES;
				GCC_C_LANGUAGE_STANDARD = gnu99;
				GCC_NO_COMMON_BLOCKS = YES;
				GCC_WARN_64_TO_32_BIT_CONVERSION = YES;
				GCC_WARN_ABOUT_RETURN_TYPE = YES_ERROR;
				GCC_WARN_UNDECLARED_SELECTOR = YES;
				GCC_WARN_UNINITIALIZED_AUTOS = YES_AGGRESSIVE;
				GCC_WARN_UNUSED_FUNCTION = YES;
				GCC_WARN_UNUSED_VARIABLE = YES;
				IPHONEOS_DEPLOYMENT_TARGET = 9.3;
				MTL_ENABLE_DEBUG_INFO = NO;
				SDKROOT = iphoneos;
				VALIDATE_PRODUCT = YES;
			};
			name = Release;
		};
		C31C07091D4C42B300A8A46D /* Debug */ = {
			isa = XCBuildConfiguration;
			buildSettings = {
				ASSETCATALOG_COMPILER_APPICON_NAME = AppIcon;
				INFOPLIST_FILE = CloudySampleProject/Info.plist;
				LD_RUNPATH_SEARCH_PATHS = "$(inherited) @executable_path/Frameworks";
				PRODUCT_BUNDLE_IDENTIFIER = BEM.CloudySampleProject;
				PRODUCT_NAME = "$(TARGET_NAME)";
			};
			name = Debug;
		};
		C31C070A1D4C42B300A8A46D /* Release */ = {
			isa = XCBuildConfiguration;
			buildSettings = {
				ASSETCATALOG_COMPILER_APPICON_NAME = AppIcon;
				INFOPLIST_FILE = CloudySampleProject/Info.plist;
				LD_RUNPATH_SEARCH_PATHS = "$(inherited) @executable_path/Frameworks";
				PRODUCT_BUNDLE_IDENTIFIER = BEM.CloudySampleProject;
				PRODUCT_NAME = "$(TARGET_NAME)";
			};
			name = Release;
		};
		C31C070C1D4C42B300A8A46D /* Debug */ = {
			isa = XCBuildConfiguration;
			buildSettings = {
				BUNDLE_LOADER = "$(TEST_HOST)";
				INFOPLIST_FILE = CloudySampleProjectTests/Info.plist;
				LD_RUNPATH_SEARCH_PATHS = "$(inherited) @executable_path/Frameworks @loader_path/Frameworks";
				PRODUCT_BUNDLE_IDENTIFIER = BEM.CloudySampleProjectTests;
				PRODUCT_NAME = "$(TARGET_NAME)";
				TEST_HOST = "$(BUILT_PRODUCTS_DIR)/CloudySampleProject.app/CloudySampleProject";
			};
			name = Debug;
		};
		C31C070D1D4C42B300A8A46D /* Release */ = {
			isa = XCBuildConfiguration;
			buildSettings = {
				BUNDLE_LOADER = "$(TEST_HOST)";
				INFOPLIST_FILE = CloudySampleProjectTests/Info.plist;
				LD_RUNPATH_SEARCH_PATHS = "$(inherited) @executable_path/Frameworks @loader_path/Frameworks";
				PRODUCT_BUNDLE_IDENTIFIER = BEM.CloudySampleProjectTests;
				PRODUCT_NAME = "$(TARGET_NAME)";
				TEST_HOST = "$(BUILT_PRODUCTS_DIR)/CloudySampleProject.app/CloudySampleProject";
			};
			name = Release;
		};
/* End XCBuildConfiguration section */

/* Begin XCConfigurationList section */
		C31C06E61D4C42B300A8A46D /* Build configuration list for PBXProject "CloudySampleProject" */ = {
			isa = XCConfigurationList;
			buildConfigurations = (
				C31C07061D4C42B300A8A46D /* Debug */,
				C31C07071D4C42B300A8A46D /* Release */,
			);
			defaultConfigurationIsVisible = 0;
			defaultConfigurationName = Release;
		};
		C31C07081D4C42B300A8A46D /* Build configuration list for PBXNativeTarget "CloudySampleProject" */ = {
			isa = XCConfigurationList;
			buildConfigurations = (
				C31C07091D4C42B300A8A46D /* Debug */,
				C31C070A1D4C42B300A8A46D /* Release */,
			);
			defaultConfigurationIsVisible = 0;
		};
		C31C070B1D4C42B300A8A46D /* Build configuration list for PBXNativeTarget "CloudySampleProjectTests" */ = {
			isa = XCConfigurationList;
			buildConfigurations = (
				C31C070C1D4C42B300A8A46D /* Debug */,
				C31C070D1D4C42B300A8A46D /* Release */,
			);
			defaultConfigurationIsVisible = 0;
		};
/* End XCConfigurationList section */
	};
	rootObject = C31C06E31D4C42B300A8A46D /* Project object */;
}
